
Microsoft Visual Studio Solution File, Format Version 12.00
Project("{2150E333-8FDC-42A3-9474-1A3956D46DE8}") = "Backend", "Backend", "{AA3FD539-8CC3-43F9-8220-73A26487F689}"
EndProject
Project("{2150E333-8FDC-42A3-9474-1A3956D46DE8}") = "Frontend", "Frontend", "{1304B6B8-CB3D-40C5-826F-A8CEFC901CD8}"
EndProject
Project("{2150E333-8FDC-42A3-9474-1A3956D46DE8}") = "Shared", "Shared", "{F1BA7B19-C3D1-4B57-B9E0-F71F25767A27}"
EndProject
Project("{FAE04EC0-301F-11D3-BF4B-00C04F79EFBC}") = "CleaningService.Client", "Frontend\Src\CleaningService.Client\CleaningService.Client.csproj", "{F89BAAF5-205B-4220-AD81-7C947862C6CB}"
EndProject
Project("{FAE04EC0-301F-11D3-BF4B-00C04F79EFBC}") = "CleaningService.Infra", "Frontend\Src\CleaningService.Infra\CleaningService.Infra.csproj", "{ABA24A0D-9AD7-4BC6-808E-4872AC9BC299}"
EndProject
Project("{FAE04EC0-301F-11D3-BF4B-00C04F79EFBC}") = "CleaningService.Api", "Backend\Src\CleaningService.Api\CleaningService.Api.csproj", "{04A705C3-158A-4E81-B046-6438AA88F3DA}"
EndProject
Project("{2150E333-8FDC-42A3-9474-1A3956D46DE8}") = "Src", "Src", "{D19DBEE1-C0B8-42FA-A479-8CA764EBFEA4}"
EndProject
Project("{2150E333-8FDC-42A3-9474-1A3956D46DE8}") = "Src", "Src", "{F1165A59-FAC2-417E-9237-033A5458ACD0}"
EndProject
Project("{2150E333-8FDC-42A3-9474-1A3956D46DE8}") = "Src", "Src", "{7902E332-2438-4D5D-A285-875569CB6960}"
EndProject
Project("{FAE04EC0-301F-11D3-BF4B-00C04F79EFBC}") = "CleaningService.Application", "Backend\Src\CleaningService.Application\CleaningService.Application.csproj", "{3B2F519B-31DD-45D1-8A32-1EB92C9FE4D0}"
EndProject
Project("{FAE04EC0-301F-11D3-BF4B-00C04F79EFBC}") = "CleaningService.Infra", "Backend\Src\CleaningService.Infra\CleaningService.Infra.csproj", "{8F4AF318-4309-4A7C-BD85-9E52FE7EFD8E}"
EndProject
Project("{FAE04EC0-301F-11D3-BF4B-00C04F79EFBC}") = "CleaningService.Domain", "Backend\Src\CleaningService.Domain\CleaningService.Domain.csproj", "{E4A13744-0E85-4DAD-8CE2-2CEC9CABCB44}"
EndProject
Project("{FAE04EC0-301F-11D3-BF4B-00C04F79EFBC}") = "CleaningService.Shared", "Shared\Src\CleaningService.Shared\CleaningService.Shared.csproj", "{4F11653A-4301-4CD7-91AC-77662DF3C7D9}"
EndProject
Global
	GlobalSection(SolutionConfigurationPlatforms) = preSolution
		Debug|Any CPU = Debug|Any CPU
		Release|Any CPU = Release|Any CPU
	EndGlobalSection
	GlobalSection(NestedProjects) = preSolution
		{D19DBEE1-C0B8-42FA-A479-8CA764EBFEA4} = {AA3FD539-8CC3-43F9-8220-73A26487F689}
		{F1165A59-FAC2-417E-9237-033A5458ACD0} = {1304B6B8-CB3D-40C5-826F-A8CEFC901CD8}
		{7902E332-2438-4D5D-A285-875569CB6960} = {F1BA7B19-C3D1-4B57-B9E0-F71F25767A27}
		{F89BAAF5-205B-4220-AD81-7C947862C6CB} = {F1165A59-FAC2-417E-9237-033A5458ACD0}
		{ABA24A0D-9AD7-4BC6-808E-4872AC9BC299} = {F1165A59-FAC2-417E-9237-033A5458ACD0}
		{04A705C3-158A-4E81-B046-6438AA88F3DA} = {D19DBEE1-C0B8-42FA-A479-8CA764EBFEA4}
		{3B2F519B-31DD-45D1-8A32-1EB92C9FE4D0} = {D19DBEE1-C0B8-42FA-A479-8CA764EBFEA4}
		{8F4AF318-4309-4A7C-BD85-9E52FE7EFD8E} = {D19DBEE1-C0B8-42FA-A479-8CA764EBFEA4}
		{E4A13744-0E85-4DAD-8CE2-2CEC9CABCB44} = {D19DBEE1-C0B8-42FA-A479-8CA764EBFEA4}
		{4F11653A-4301-4CD7-91AC-77662DF3C7D9} = {7902E332-2438-4D5D-A285-875569CB6960}
	EndGlobalSection
	GlobalSection(ProjectConfigurationPlatforms) = postSolution
		{F89BAAF5-205B-4220-AD81-7C947862C6CB}.Debug|Any CPU.ActiveCfg = Debug|Any CPU
		{F89BAAF5-205B-4220-AD81-7C947862C6CB}.Debug|Any CPU.Build.0 = Debug|Any CPU
		{F89BAAF5-205B-4220-AD81-7C947862C6CB}.Release|Any CPU.ActiveCfg = Release|Any CPU
		{F89BAAF5-205B-4220-AD81-7C947862C6CB}.Release|Any CPU.Build.0 = Release|Any CPU
		{ABA24A0D-9AD7-4BC6-808E-4872AC9BC299}.Debug|Any CPU.ActiveCfg = Debug|Any CPU
		{ABA24A0D-9AD7-4BC6-808E-4872AC9BC299}.Debug|Any CPU.Build.0 = Debug|Any CPU
		{ABA24A0D-9AD7-4BC6-808E-4872AC9BC299}.Release|Any CPU.ActiveCfg = Release|Any CPU
		{ABA24A0D-9AD7-4BC6-808E-4872AC9BC299}.Release|Any CPU.Build.0 = Release|Any CPU
		{04A705C3-158A-4E81-B046-6438AA88F3DA}.Debug|Any CPU.ActiveCfg = Debug|Any CPU
		{04A705C3-158A-4E81-B046-6438AA88F3DA}.Debug|Any CPU.Build.0 = Debug|Any CPU
		{04A705C3-158A-4E81-B046-6438AA88F3DA}.Release|Any CPU.ActiveCfg = Release|Any CPU
		{04A705C3-158A-4E81-B046-6438AA88F3DA}.Release|Any CPU.Build.0 = Release|Any CPU
		{3B2F519B-31DD-45D1-8A32-1EB92C9FE4D0}.Debug|Any CPU.ActiveCfg = Debug|Any CPU
		{3B2F519B-31DD-45D1-8A32-1EB92C9FE4D0}.Debug|Any CPU.Build.0 = Debug|Any CPU
		{3B2F519B-31DD-45D1-8A32-1EB92C9FE4D0}.Release|Any CPU.ActiveCfg = Release|Any CPU
		{3B2F519B-31DD-45D1-8A32-1EB92C9FE4D0}.Release|Any CPU.Build.0 = Release|Any CPU
		{8F4AF318-4309-4A7C-BD85-9E52FE7EFD8E}.Debug|Any CPU.ActiveCfg = Debug|Any CPU
		{8F4AF318-4309-4A7C-BD85-9E52FE7EFD8E}.Debug|Any CPU.Build.0 = Debug|Any CPU
		{8F4AF318-4309-4A7C-BD85-9E52FE7EFD8E}.Release|Any CPU.ActiveCfg = Release|Any CPU
		{8F4AF318-4309-4A7C-BD85-9E52FE7EFD8E}.Release|Any CPU.Build.0 = Release|Any CPU
		{E4A13744-0E85-4DAD-8CE2-2CEC9CABCB44}.Debug|Any CPU.ActiveCfg = Debug|Any CPU
		{E4A13744-0E85-4DAD-8CE2-2CEC9CABCB44}.Debug|Any CPU.Build.0 = Debug|Any CPU
		{E4A13744-0E85-4DAD-8CE2-2CEC9CABCB44}.Release|Any CPU.ActiveCfg = Release|Any CPU
		{E4A13744-0E85-4DAD-8CE2-2CEC9CABCB44}.Release|Any CPU.Build.0 = Release|Any CPU
		{4F11653A-4301-4CD7-91AC-77662DF3C7D9}.Debug|Any CPU.ActiveCfg = Debug|Any CPU
		{4F11653A-4301-4CD7-91AC-77662DF3C7D9}.Debug|Any CPU.Build.0 = Debug|Any CPU
		{4F11653A-4301-4CD7-91AC-77662DF3C7D9}.Release|Any CPU.ActiveCfg = Release|Any CPU
		{4F11653A-4301-4CD7-91AC-77662DF3C7D9}.Release|Any CPU.Build.0 = Release|Any CPU
	EndGlobalSection
EndGlobal
